<?xml version="1.0" encoding="utf-8"?>
<Project ToolsVersion="4.0" xmlns="http://schemas.microsoft.com/developer/msbuild/2003">
  <ItemGroup>
    <Filter Include="Source Files">
      <UniqueIdentifier>{4FC737F1-C7A5-4376-A066-2A32D752A2FF}</UniqueIdentifier>
      <Extensions>cpp;c;cc;cxx;def;odl;idl;hpj;bat;asm;asmx</Extensions>
    </Filter>
    <Filter Include="Header Files">
      <UniqueIdentifier>{93995380-89BD-4b04-88EB-625FBE52EBFB}</UniqueIdentifier>
      <Extensions>h;hh;hpp;hxx;hm;inl;inc;ipp;xsd</Extensions>
    </Filter>
    <Filter Include="Resource Files">
      <UniqueIdentifier>{67DA6AB6-F800-4c08-8B7A-83BB121AAD01}</UniqueIdentifier>
      <Extensions>rc;ico;cur;bmp;dlg;rc2;rct;bin;rgs;gif;jpg;jpeg;jpe;resx;tiff;tif;png;wav;mfcribbon-ms</Extensions>
    </Filter>
    <Filter Include="Source Files\Example">
      <UniqueIdentifier>{79776b8c-d4c1-4894-ac20-6a6398ae0159}</UniqueIdentifier>
    </Filter>
    <Filter Include="Source Files\Grammar">
      <UniqueIdentifier>{893d3135-b822-4487-8a2c-20d979c64f5f}</UniqueIdentifier>
    </Filter>
  </ItemGroup>
  <ItemGroup>
    <ClInclude Include="pch.h">
      <Filter>Header Files</Filter>
    </ClInclude>
  </ItemGroup>
  <ItemGroup>
    <ClCompile Include="compilerProject.c">
      <Filter>Source Files</Filter>
    </ClCompile>
    <ClCompile Include="pch.c">
      <Filter>Source Files</Filter>
    </ClCompile>
  </ItemGroup>
  <ItemGroup>
    <None Include="BreakExample.cx">
      <Filter>Source Files\Example</Filter>
    </None>
    <None Include="BreakIfExample.cx">
      <Filter>Source Files\Example</Filter>
    </None>
    <None Include="ContinueExample.cx">
      <Filter>Source Files\Example</Filter>
    </None>
    <None Include="AttributionAndWriteExample.cx">
      <Filter>Source Files\Example</Filter>
    </None>
    <None Include="StringAndWriteInConsoleExample.cx">
      <Filter>Source Files\Example</Filter>
    </None>
    <None Include="SimpleLooperExample.cx">
      <Filter>Source Files\Example</Filter>
    </None>
    <None Include="ForLoopExample.cx">
      <Filter>Source Files\Example</Filter>
    </None>
    <None Include="FunctionExample.cx">
      <Filter>Source Files\Example</Filter>
    </None>
  </ItemGroup>
  <ItemGroup>
    <Text Include="Grammar.txt">
      <Filter>Source Files\Grammar</Filter>
    </Text>
  </ItemGroup>
</Project>