<?xml version="1.0" encoding="utf-8"?>
<Project ToolsVersion="4.0" xmlns="http://schemas.microsoft.com/developer/msbuild/2003">
  <ItemGroup>
    <Filter Include="Source Files">
      <UniqueIdentifier>{4FC737F1-C7A5-4376-A066-2A32D752A2FF}</UniqueIdentifier>
      <Extensions>cpp;c;cc;cxx;def;odl;idl;hpj;bat;asm;asmx</Extensions>
    </Filter>
    <Filter Include="Header Files">
      <UniqueIdentifier>{93995380-89BD-4b04-88EB-625FBE52EBFB}</UniqueIdentifier>
      <Extensions>h;hh;hpp;hxx;hm;inl;inc;ipp;xsd</Extensions>
    </Filter>
    <Filter Include="Resource Files">
      <UniqueIdentifier>{67DA6AB6-F800-4c08-8B7A-83BB121AAD01}</UniqueIdentifier>
      <Extensions>rc;ico;cur;bmp;dlg;rc2;rct;bin;rgs;gif;jpg;jpeg;jpe;resx;tiff;tif;png;wav;mfcribbon-ms</Extensions>
    </Filter>
    <Filter Include="Source Files\ExamplesCX">
      <UniqueIdentifier>{6c6895b4-b388-4185-82e2-6f8b61c854a5}</UniqueIdentifier>
    </Filter>
  </ItemGroup>
  <ItemGroup>
    <ClCompile Include="Main.c">
      <Filter>Source Files</Filter>
    </ClCompile>
    <ClCompile Include="ErrorHandling.c">
      <Filter>Source Files</Filter>
    </ClCompile>
    <ClCompile Include="LexicalAnalyser.c">
      <Filter>Source Files</Filter>
    </ClCompile>
    <ClCompile Include="SyntaxAnalyser.c">
      <Filter>Source Files</Filter>
    </ClCompile>
    <ClCompile Include="SyntaxTree.c">
      <Filter>Source Files</Filter>
    </ClCompile>
    <ClCompile Include="CodeGenerator.c">
  <Filter>Source Files</Filter>
    </ClCompile>
    <ClCompile Include="SymbolTable.c">
      <Filter>Source Files</Filter>
    </ClCompile>
  </ItemGroup>
  <ItemGroup>
    <ClInclude Include="ErrorHandling.h">
      <Filter>Header Files</Filter>
    </ClInclude>
    <ClInclude Include="LexicalAnalyser.h">
      <Filter>Header Files</Filter>
    </ClInclude>
    <ClInclude Include="SyntaxAnalyser.h">
      <Filter>Header Files</Filter>
    </ClInclude>
    <ClInclude Include="SyntaxTree.h">
      <Filter>Header Files</Filter>
    </ClInclude>
    <ClInclude Include="CodeGenerator.h">
      <Filter>Header Files</Filter>
    </ClInclude>

    <ClInclude Include="SymbolTable.h">
      <Filter>Header Files</Filter>
    </ClInclude>
  </ItemGroup>
  <ItemGroup>
    <Text Include="..\Examples\ArrayUsageExample.cv_logFile.txt">
      <Filter>Source Files\ExamplesCX</Filter>
    </Text>
    <Text Include="..\Examples\ArrayUsageExample.cx_logFile.txt">
      <Filter>Source Files\ExamplesCX</Filter>
    </Text>
    <Text Include="..\Examples\ArrayUsageExample.cx~_logFile.txt">
      <Filter>Source Files\ExamplesCX</Filter>
    </Text>
    <Text Include="..\Examples\AttributionAndWriteExample.cx_logFile.txt">
      <Filter>Source Files\ExamplesCX</Filter>
    </Text>
    <Text Include="..\Examples\BreakExample.cx_logFile.txt">
      <Filter>Source Files\ExamplesCX</Filter>
    </Text>
    <Text Include="..\Examples\BreakIfExample.cx_logFile.txt">
      <Filter>Source Files\ExamplesCX</Filter>
    </Text>
    <Text Include="..\Examples\ContinueExample.cx_logFile.txt">
      <Filter>Source Files\ExamplesCX</Filter>
    </Text>
    <Text Include="..\Examples\FileReadingExample.cx_logFile.txt">
      <Filter>Source Files\ExamplesCX</Filter>
    </Text>
    <Text Include="..\Examples\ForLoopExample.cx_logFile.txt">
      <Filter>Source Files\ExamplesCX</Filter>
    </Text>
    <Text Include="..\Examples\FunctionExample.cx_logFile.txt">
      <Filter>Source Files\ExamplesCX</Filter>
    </Text>
    <Text Include="..\Examples\SimpleExample.cx_logFile.txt">
      <Filter>Source Files\ExamplesCX</Filter>
    </Text>
    <Text Include="..\Examples\SimpleLooperExample.cx_logFile.txt">
      <Filter>Source Files\ExamplesCX</Filter>
    </Text>
    <Text Include="..\Examples\StringAndWriteInConsoleExample.cx_logFile.txt">
      <Filter>Source Files\ExamplesCX</Filter>
    </Text>
    <Text Include="Code.txt">
      <Filter>Source Files\ExamplesCX</Filter>
    </Text>
    <Text Include="Code.txt_logFile.txt">
      <Filter>Source Files\ExamplesCX</Filter>
    </Text>
    <Text Include="Code1.txt">
      <Filter>Source Files\ExamplesCX</Filter>
    </Text>
    <Text Include="Code1.txt_logFile.txt">
      <Filter>Source Files\ExamplesCX</Filter>
    </Text>
    <Text Include="Code2.txt">
      <Filter>Source Files\ExamplesCX</Filter>
    </Text>
    <Text Include="Code2.txt_logFile.txt">
      <Filter>Source Files\ExamplesCX</Filter>
    </Text>
    <Text Include="Code3.txt">
      <Filter>Source Files\ExamplesCX</Filter>
    </Text>
    <Text Include="Code3.txt_logFile.txt">
      <Filter>Source Files\ExamplesCX</Filter>
    </Text>
    <Text Include="Code4.txt">
      <Filter>Source Files\ExamplesCX</Filter>
    </Text>
    <Text Include="Code4.txt_logFile.txt">
      <Filter>Source Files\ExamplesCX</Filter>
    </Text>
  </ItemGroup>
  <ItemGroup>
    <None Include="..\Examples\ArrayUsageExample.cx">
      <Filter>Source Files\ExamplesCX</Filter>
    </None>
    <None Include="..\Examples\AttributionAndWriteExample.cx">
      <Filter>Source Files\ExamplesCX</Filter>
    </None>
    <None Include="..\Examples\BreakExample.cx">
      <Filter>Source Files\ExamplesCX</Filter>
    </None>
    <None Include="..\Examples\BreakIfExample.cx">
      <Filter>Source Files\ExamplesCX</Filter>
    </None>
    <None Include="..\Examples\ContinueExample.cx">
      <Filter>Source Files\ExamplesCX</Filter>
    </None>
    <None Include="..\Examples\FileReadingExample.cx">
      <Filter>Source Files\ExamplesCX</Filter>
    </None>
    <None Include="..\Examples\ForLoopExample.cx">
      <Filter>Source Files\ExamplesCX</Filter>
    </None>
    <None Include="..\Examples\FunctionExample.cx">
      <Filter>Source Files\ExamplesCX</Filter>
    </None>
    <None Include="..\Examples\SimpleExample.cx">
      <Filter>Source Files\ExamplesCX</Filter>
    </None>
    <None Include="..\Examples\SimpleLooperExample.cx">
      <Filter>Source Files\ExamplesCX</Filter>
    </None>
    <None Include="..\Examples\StringAndWriteInConsoleExample.cx">
      <Filter>Source Files\ExamplesCX</Filter>
    </None>
  </ItemGroup>
</Project>